// !$*UTF8*$!
{
	archiveVersion = 1;
	classes = {
	};
	objectVersion = 46;
	objects = {

/* Begin PBXBuildFile section */
		29B7138A18BD4C7300B5BD86 /* Foundation.framework in Frameworks */ = {isa = PBXBuildFile; fileRef = 29B7138918BD4C7300B5BD86 /* Foundation.framework */; };
		29B7138C18BD4C7300B5BD86 /* CoreGraphics.framework in Frameworks */ = {isa = PBXBuildFile; fileRef = 29B7138B18BD4C7300B5BD86 /* CoreGraphics.framework */; };
		29B7138E18BD4C7300B5BD86 /* UIKit.framework in Frameworks */ = {isa = PBXBuildFile; fileRef = 29B7138D18BD4C7300B5BD86 /* UIKit.framework */; };
		29B7139418BD4C7300B5BD86 /* InfoPlist.strings in Resources */ = {isa = PBXBuildFile; fileRef = 29B7139218BD4C7300B5BD86 /* InfoPlist.strings */; };
		29B7139618BD4C7300B5BD86 /* main.m in Sources */ = {isa = PBXBuildFile; fileRef = 29B7139518BD4C7300B5BD86 /* main.m */; };
		29B7139A18BD4C7300B5BD86 /* fCAppDelegate.m in Sources */ = {isa = PBXBuildFile; fileRef = 29B7139918BD4C7300B5BD86 /* fCAppDelegate.m */; };
		29B7139D18BD4C7300B5BD86 /* Main.storyboard in Resources */ = {isa = PBXBuildFile; fileRef = 29B7139B18BD4C7300B5BD86 /* Main.storyboard */; };
		29B713A018BD4C7300B5BD86 /* fCViewController.m in Sources */ = {isa = PBXBuildFile; fileRef = 29B7139F18BD4C7300B5BD86 /* fCViewController.m */; };
		29B713A218BD4C7300B5BD86 /* Images.xcassets in Resources */ = {isa = PBXBuildFile; fileRef = 29B713A118BD4C7300B5BD86 /* Images.xcassets */; };
		29B713A918BD4C7300B5BD86 /* XCTest.framework in Frameworks */ = {isa = PBXBuildFile; fileRef = 29B713A818BD4C7300B5BD86 /* XCTest.framework */; };
		29B713AA18BD4C7300B5BD86 /* Foundation.framework in Frameworks */ = {isa = PBXBuildFile; fileRef = 29B7138918BD4C7300B5BD86 /* Foundation.framework */; };
		29B713AB18BD4C7300B5BD86 /* UIKit.framework in Frameworks */ = {isa = PBXBuildFile; fileRef = 29B7138D18BD4C7300B5BD86 /* UIKit.framework */; };
		29B713B318BD4C7300B5BD86 /* InfoPlist.strings in Resources */ = {isa = PBXBuildFile; fileRef = 29B713B118BD4C7300B5BD86 /* InfoPlist.strings */; };
		29B713B518BD4C7300B5BD86 /* BeginnerTutorialTests.m in Sources */ = {isa = PBXBuildFile; fileRef = 29B713B418BD4C7300B5BD86 /* BeginnerTutorialTests.m */; };
/* End PBXBuildFile section */

/* Begin PBXContainerItemProxy section */
		29B713AC18BD4C7300B5BD86 /* PBXContainerItemProxy */ = {
			isa = PBXContainerItemProxy;
			containerPortal = 29B7137E18BD4C7300B5BD86 /* Project object */;
			proxyType = 1;
			remoteGlobalIDString = 29B7138518BD4C7300B5BD86;
			remoteInfo = BeginnerTutorial;
		};
/* End PBXContainerItemProxy section */

/* Begin PBXFileReference section */
		29B7138618BD4C7300B5BD86 /* BeginnerTutorial.app */ = {isa = PBXFileReference; explicitFileType = wrapper.application; includeInIndex = 0; path = BeginnerTutorial.app; sourceTree = BUILT_PRODUCTS_DIR; };
		29B7138918BD4C7300B5BD86 /* Foundation.framework */ = {isa = PBXFileReference; lastKnownFileType = wrapper.framework; name = Foundation.framework; path = System/Library/Frameworks/Foundation.framework; sourceTree = SDKROOT; };
		29B7138B18BD4C7300B5BD86 /* CoreGraphics.framework */ = {isa = PBXFileReference; lastKnownFileType = wrapper.framework; name = CoreGraphics.framework; path = System/Library/Frameworks/CoreGraphics.framework; sourceTree = SDKROOT; };
		29B7138D18BD4C7300B5BD86 /* UIKit.framework */ = {isa = PBXFileReference; lastKnownFileType = wrapper.framework; name = UIKit.framework; path = System/Library/Frameworks/UIKit.framework; sourceTree = SDKROOT; };
		29B7139118BD4C7300B5BD86 /* BeginnerTutorial-Info.plist */ = {isa = PBXFileReference; lastKnownFileType = text.plist.xml; path = "BeginnerTutorial-Info.plist"; sourceTree = "<group>"; };
		29B7139318BD4C7300B5BD86 /* en */ = {isa = PBXFileReference; lastKnownFileType = text.plist.strings; name = en; path = en.lproj/InfoPlist.strings; sourceTree = "<group>"; };
		29B7139518BD4C7300B5BD86 /* main.m */ = {isa = PBXFileReference; lastKnownFileType = sourcecode.c.objc; path = main.m; sourceTree = "<group>"; };
		29B7139718BD4C7300B5BD86 /* BeginnerTutorial-Prefix.pch */ = {isa = PBXFileReference; lastKnownFileType = sourcecode.c.h; path = "BeginnerTutorial-Prefix.pch"; sourceTree = "<group>"; };
		29B7139818BD4C7300B5BD86 /* fCAppDelegate.h */ = {isa = PBXFileReference; lastKnownFileType = sourcecode.c.h; path = fCAppDelegate.h; sourceTree = "<group>"; };
		29B7139918BD4C7300B5BD86 /* fCAppDelegate.m */ = {isa = PBXFileReference; lastKnownFileType = sourcecode.c.objc; path = fCAppDelegate.m; sourceTree = "<group>"; };
		29B7139C18BD4C7300B5BD86 /* Base */ = {isa = PBXFileReference; lastKnownFileType = file.storyboard; name = Base; path = Base.lproj/Main.storyboard; sourceTree = "<group>"; };
		29B7139E18BD4C7300B5BD86 /* fCViewController.h */ = {isa = PBXFileReference; lastKnownFileType = sourcecode.c.h; path = fCViewController.h; sourceTree = "<group>"; };
		29B7139F18BD4C7300B5BD86 /* fCViewController.m */ = {isa = PBXFileReference; lastKnownFileType = sourcecode.c.objc; path = fCViewController.m; sourceTree = "<group>"; };
		29B713A118BD4C7300B5BD86 /* Images.xcassets */ = {isa = PBXFileReference; lastKnownFileType = folder.assetcatalog; path = Images.xcassets; sourceTree = "<group>"; };
		29B713A718BD4C7300B5BD86 /* BeginnerTutorialTests.xctest */ = {isa = PBXFileReference; explicitFileType = wrapper.cfbundle; includeInIndex = 0; path = BeginnerTutorialTests.xctest; sourceTree = BUILT_PRODUCTS_DIR; };
		29B713A818BD4C7300B5BD86 /* XCTest.framework */ = {isa = PBXFileReference; lastKnownFileType = wrapper.framework; name = XCTest.framework; path = Library/Frameworks/XCTest.framework; sourceTree = DEVELOPER_DIR; };
		29B713B018BD4C7300B5BD86 /* BeginnerTutorialTests-Info.plist */ = {isa = PBXFileReference; lastKnownFileType = text.plist.xml; path = "BeginnerTutorialTests-Info.plist"; sourceTree = "<group>"; };
		29B713B218BD4C7300B5BD86 /* en */ = {isa = PBXFileReference; lastKnownFileType = text.plist.strings; name = en; path = en.lproj/InfoPlist.strings; sourceTree = "<group>"; };
		29B713B418BD4C7300B5BD86 /* BeginnerTutorialTests.m */ = {isa = PBXFileReference; lastKnownFileType = sourcecode.c.objc; path = BeginnerTutorialTests.m; sourceTree = "<group>"; };
/* End PBXFileReference section */

/* Begin PBXFrameworksBuildPhase section */
		29B7138318BD4C7300B5BD86 /* Frameworks */ = {
			isa = PBXFrameworksBuildPhase;
			buildActionMask = 2147483647;
			files = (
				29B7138C18BD4C7300B5BD86 /* CoreGraphics.framework in Frameworks */,
				29B7138E18BD4C7300B5BD86 /* UIKit.framework in Frameworks */,
				29B7138A18BD4C7300B5BD86 /* Foundation.framework in Frameworks */,
			);
			runOnlyForDeploymentPostprocessing = 0;
		};
		29B713A418BD4C7300B5BD86 /* Frameworks */ = {
			isa = PBXFrameworksBuildPhase;
			buildActionMask = 2147483647;
			files = (
				29B713A918BD4C7300B5BD86 /* XCTest.framework in Frameworks */,
				29B713AB18BD4C7300B5BD86 /* UIKit.framework in Frameworks */,
				29B713AA18BD4C7300B5BD86 /* Foundation.framework in Frameworks */,
			);
			runOnlyForDeploymentPostprocessing = 0;
		};
/* End PBXFrameworksBuildPhase section */

/* Begin PBXGroup section */
		29B7137D18BD4C7300B5BD86 = {
			isa = PBXGroup;
			children = (
				29B7138F18BD4C7300B5BD86 /* BeginnerTutorial */,
				29B713AE18BD4C7300B5BD86 /* BeginnerTutorialTests */,
				29B7138818BD4C7300B5BD86 /* Frameworks */,
				29B7138718BD4C7300B5BD86 /* Products */,
			);
			sourceTree = "<group>";
		};
		29B7138718BD4C7300B5BD86 /* Products */ = {
			isa = PBXGroup;
			children = (
				29B7138618BD4C7300B5BD86 /* BeginnerTutorial.app */,
				29B713A718BD4C7300B5BD86 /* BeginnerTutorialTests.xctest */,
			);
			name = Products;
			sourceTree = "<group>";
		};
		29B7138818BD4C7300B5BD86 /* Frameworks */ = {
			isa = PBXGroup;
			children = (
				29B7138918BD4C7300B5BD86 /* Foundation.framework */,
				29B7138B18BD4C7300B5BD86 /* CoreGraphics.framework */,
				29B7138D18BD4C7300B5BD86 /* UIKit.framework */,
				29B713A818BD4C7300B5BD86 /* XCTest.framework */,
			);
			name = Frameworks;
			sourceTree = "<group>";
		};
		29B7138F18BD4C7300B5BD86 /* BeginnerTutorial */ = {
			isa = PBXGroup;
			children = (
				29B7139818BD4C7300B5BD86 /* fCAppDelegate.h */,
				29B7139918BD4C7300B5BD86 /* fCAppDelegate.m */,
				29B7139B18BD4C7300B5BD86 /* Main.storyboard */,
				29B7139E18BD4C7300B5BD86 /* fCViewController.h */,
				29B7139F18BD4C7300B5BD86 /* fCViewController.m */,
				29B713A118BD4C7300B5BD86 /* Images.xcassets */,
				29B7139018BD4C7300B5BD86 /* Supporting Files */,
			);
			path = BeginnerTutorial;
			sourceTree = "<group>";
		};
		29B7139018BD4C7300B5BD86 /* Supporting Files */ = {
			isa = PBXGroup;
			children = (
				29B7139118BD4C7300B5BD86 /* BeginnerTutorial-Info.plist */,
				29B7139218BD4C7300B5BD86 /* InfoPlist.strings */,
				29B7139518BD4C7300B5BD86 /* main.m */,
				29B7139718BD4C7300B5BD86 /* BeginnerTutorial-Prefix.pch */,
			);
			name = "Supporting Files";
			sourceTree = "<group>";
		};
		29B713AE18BD4C7300B5BD86 /* BeginnerTutorialTests */ = {
			isa = PBXGroup;
			children = (
				29B713B418BD4C7300B5BD86 /* BeginnerTutorialTests.m */,
				29B713AF18BD4C7300B5BD86 /* Supporting Files */,
			);
			path = BeginnerTutorialTests;
			sourceTree = "<group>";
		};
		29B713AF18BD4C7300B5BD86 /* Supporting Files */ = {
			isa = PBXGroup;
			children = (
				29B713B018BD4C7300B5BD86 /* BeginnerTutorialTests-Info.plist */,
				29B713B118BD4C7300B5BD86 /* InfoPlist.strings */,
			);
			name = "Supporting Files";
			sourceTree = "<group>";
		};
/* End PBXGroup section */

/* Begin PBXNativeTarget section */
		29B7138518BD4C7300B5BD86 /* BeginnerTutorial */ = {
			isa = PBXNativeTarget;
			buildConfigurationList = 29B713B818BD4C7300B5BD86 /* Build configuration list for PBXNativeTarget "BeginnerTutorial" */;
			buildPhases = (
				29B7138218BD4C7300B5BD86 /* Sources */,
				29B7138318BD4C7300B5BD86 /* Frameworks */,
				29B7138418BD4C7300B5BD86 /* Resources */,
			);
			buildRules = (
			);
			dependencies = (
			);
			name = BeginnerTutorial;
			productName = BeginnerTutorial;
			productReference = 29B7138618BD4C7300B5BD86 /* BeginnerTutorial.app */;
			productType = "com.apple.product-type.application";
		};
		29B713A618BD4C7300B5BD86 /* BeginnerTutorialTests */ = {
			isa = PBXNativeTarget;
			buildConfigurationList = 29B713BB18BD4C7300B5BD86 /* Build configuration list for PBXNativeTarget "BeginnerTutorialTests" */;
			buildPhases = (
				29B713A318BD4C7300B5BD86 /* Sources */,
				29B713A418BD4C7300B5BD86 /* Frameworks */,
				29B713A518BD4C7300B5BD86 /* Resources */,
			);
			buildRules = (
			);
			dependencies = (
				29B713AD18BD4C7300B5BD86 /* PBXTargetDependency */,
			);
			name = BeginnerTutorialTests;
			productName = BeginnerTutorialTests;
			productReference = 29B713A718BD4C7300B5BD86 /* BeginnerTutorialTests.xctest */;
			productType = "com.apple.product-type.bundle.unit-test";
		};
/* End PBXNativeTarget section */

/* Begin PBXProject section */
		29B7137E18BD4C7300B5BD86 /* Project object */ = {
			isa = PBXProject;
			attributes = {
				CLASSPREFIX = fC;
				LastUpgradeCheck = 0500;
				ORGANIZATIONNAME = freakinChuck;
				TargetAttributes = {
					29B713A618BD4C7300B5BD86 = {
						TestTargetID = 29B7138518BD4C7300B5BD86;
					};
				};
			};
			buildConfigurationList = 29B7138118BD4C7300B5BD86 /* Build configuration list for PBXProject "BeginnerTutorial" */;
			compatibilityVersion = "Xcode 3.2";
			developmentRegion = English;
			hasScannedForEncodings = 0;
			knownRegions = (
				en,
				Base,
			);
			mainGroup = 29B7137D18BD4C7300B5BD86;
			productRefGroup = 29B7138718BD4C7300B5BD86 /* Products */;
			projectDirPath = "";
			projectRoot = "";
			targets = (
				29B7138518BD4C7300B5BD86 /* BeginnerTutorial */,
				29B713A618BD4C7300B5BD86 /* BeginnerTutorialTests */,
			);
		};
/* End PBXProject section */

/* Begin PBXResourcesBuildPhase section */
		29B7138418BD4C7300B5BD86 /* Resources */ = {
			isa = PBXResourcesBuildPhase;
			buildActionMask = 2147483647;
			files = (
				29B713A218BD4C7300B5BD86 /* Images.xcassets in Resources */,
				29B7139418BD4C7300B5BD86 /* InfoPlist.strings in Resources */,
				29B7139D18BD4C7300B5BD86 /* Main.storyboard in Resources */,
			);
			runOnlyForDeploymentPostprocessing = 0;
		};
		29B713A518BD4C7300B5BD86 /* Resources */ = {
			isa = PBXResourcesBuildPhase;
			buildActionMask = 2147483647;
			files = (
				29B713B318BD4C7300B5BD86 /* InfoPlist.strings in Resources */,
			);
			runOnlyForDeploymentPostprocessing = 0;
		};
/* End PBXResourcesBuildPhase section */

/* Begin PBXSourcesBuildPhase section */
		29B7138218BD4C7300B5BD86 /* Sources */ = {
			isa = PBXSourcesBuildPhase;
			buildActionMask = 2147483647;
			files = (
				29B7139618BD4C7300B5BD86 /* main.m in Sources */,
				29B7139A18BD4C7300B5BD86 /* fCAppDelegate.m in Sources */,
				29B713A018BD4C7300B5BD86 /* fCViewController.m in Sources */,
			);
			runOnlyForDeploymentPostprocessing = 0;
		};
		29B713A318BD4C7300B5BD86 /* Sources */ = {
			isa = PBXSourcesBuildPhase;
			buildActionMask = 2147483647;
			files = (
				29B713B518BD4C7300B5BD86 /* BeginnerTutorialTests.m in Sources */,
			);
			runOnlyForDeploymentPostprocessing = 0;
		};
/* End PBXSourcesBuildPhase section */

/* Begin PBXTargetDependency section */
		29B713AD18BD4C7300B5BD86 /* PBXTargetDependency */ = {
			isa = PBXTargetDependency;
			target = 29B7138518BD4C7300B5BD86 /* BeginnerTutorial */;
			targetProxy = 29B713AC18BD4C7300B5BD86 /* PBXContainerItemProxy */;
		};
/* End PBXTargetDependency section */

/* Begin PBXVariantGroup section */
		29B7139218BD4C7300B5BD86 /* InfoPlist.strings */ = {
			isa = PBXVariantGroup;
			children = (
				29B7139318BD4C7300B5BD86 /* en */,
			);
			name = InfoPlist.strings;
			sourceTree = "<group>";
		};
		29B7139B18BD4C7300B5BD86 /* Main.storyboard */ = {
			isa = PBXVariantGroup;
			children = (
				29B7139C18BD4C7300B5BD86 /* Base */,
			);
			name = Main.storyboard;
			sourceTree = "<group>";
		};
		29B713B118BD4C7300B5BD86 /* InfoPlist.strings */ = {
			isa = PBXVariantGroup;
			children = (
				29B713B218BD4C7300B5BD86 /* en */,
			);
			name = InfoPlist.strings;
			sourceTree = "<group>";
		};
/* End PBXVariantGroup section */

/* Begin XCBuildConfiguration section */
		29B713B618BD4C7300B5BD86 /* Debug */ = {
			isa = XCBuildConfiguration;
			buildSettings = {
				ALWAYS_SEARCH_USER_PATHS = NO;
				ARCHS = "$(ARCHS_STANDARD_INCLUDING_64_BIT)";
				CLANG_CXX_LANGUAGE_STANDARD = "gnu++0x";
				CLANG_CXX_LIBRARY = "libc++";
				CLANG_ENABLE_MODULES = YES;
				CLANG_ENABLE_OBJC_ARC = YES;
				CLANG_WARN_BOOL_CONVERSION = YES;
				CLANG_WARN_CONSTANT_CONVERSION = YES;
				CLANG_WARN_DIRECT_OBJC_ISA_USAGE = YES_ERROR;
				CLANG_WARN_EMPTY_BODY = YES;
				CLANG_WARN_ENUM_CONVERSION = YES;
				CLANG_WARN_INT_CONVERSION = YES;
				CLANG_WARN_OBJC_ROOT_CLASS = YES_ERROR;
				CLANG_WARN__DUPLICATE_METHOD_MATCH = YES;
				"CODE_SIGN_IDENTITY[sdk=iphoneos*]" = "iPhone Developer";
				COPY_PHASE_STRIP = NO;
				GCC_C_LANGUAGE_STANDARD = gnu99;
				GCC_DYNAMIC_NO_PIC = NO;
				GCC_OPTIMIZATION_LEVEL = 0;
				GCC_PREPROCESSOR_DEFINITIONS = (
					"DEBUG=1",
					"$(inherited)",
				);
				GCC_SYMBOLS_PRIVATE_EXTERN = NO;
				GCC_WARN_64_TO_32_BIT_CONVERSION = YES;
				GCC_WARN_ABOUT_RETURN_TYPE = YES_ERROR;
				GCC_WARN_UNDECLARED_SELECTOR = YES;
				GCC_WARN_UNINITIALIZED_AUTOS = YES;
				GCC_WARN_UNUSED_FUNCTION = YES;
				GCC_WARN_UNUSED_VARIABLE = YES;
				IPHONEOS_DEPLOYMENT_TARGET = 7.0;
				ONLY_ACTIVE_ARCH = YES;
				SDKROOT = iphoneos;
			};
			name = Debug;
		};
		29B713B718BD4C7300B5BD86 /* Release */ = {
			isa = XCBuildConfiguration;
			buildSettings = {
				ALWAYS_SEARCH_USER_PATHS = NO;
				ARCHS = "$(ARCHS_STANDARD_INCLUDING_64_BIT)";
				CLANG_CXX_LANGUAGE_STANDARD = "gnu++0x";
				CLANG_CXX_LIBRARY = "libc++";
				CLANG_ENABLE_MODULES = YES;
				CLANG_ENABLE_OBJC_ARC = YES;
				CLANG_WARN_BOOL_CONVERSION = YES;
				CLANG_WARN_CONSTANT_CONVERSION = YES;
				CLANG_WARN_DIRECT_OBJC_ISA_USAGE = YES_ERROR;
				CLANG_WARN_EMPTY_BODY = YES;
				CLANG_WARN_ENUM_CONVERSION = YES;
				CLANG_WARN_INT_CONVERSION = YES;
				CLANG_WARN_OBJC_ROOT_CLASS = YES_ERROR;
				CLANG_WARN__DUPLICATE_METHOD_MATCH = YES;
				"CODE_SIGN_IDENTITY[sdk=iphoneos*]" = "iPhone Developer";
				COPY_PHASE_STRIP = YES;
				ENABLE_NS_ASSERTIONS = NO;
				GCC_C_LANGUAGE_STANDARD = gnu99;
				GCC_WARN_64_TO_32_BIT_CONVERSION = YES;
				GCC_WARN_ABOUT_RETURN_TYPE = YES_ERROR;
				GCC_WARN_UNDECLARED_SELECTOR = YES;
				GCC_WARN_UNINITIALIZED_AUTOS = YES;
				GCC_WARN_UNUSED_FUNCTION = YES;
				GCC_WARN_UNUSED_VARIABLE = YES;
				IPHONEOS_DEPLOYMENT_TARGET = 7.0;
				SDKROOT = iphoneos;
				VALIDATE_PRODUCT = YES;
			};
			name = Release;
		};
		29B713B918BD4C7300B5BD86 /* Debug */ = {
			isa = XCBuildConfiguration;
			buildSettings = {
				ASSETCATALOG_COMPILER_APPICON_NAME = AppIcon;
				ASSETCATALOG_COMPILER_LAUNCHIMAGE_NAME = LaunchImage;
				GCC_PRECOMPILE_PREFIX_HEADER = YES;
				GCC_PREFIX_HEADER = "BeginnerTutorial/BeginnerTutorial-Prefix.pch";
				INFOPLIST_FILE = "BeginnerTutorial/BeginnerTutorial-Info.plist";
				IPHONEOS_DEPLOYMENT_TARGET = 6.0;
				PRODUCT_NAME = "$(TARGET_NAME)";
				WRAPPER_EXTENSION = app;
			};
			name = Debug;
		};
		29B713BA18BD4C7300B5BD86 /* Release */ = {
			isa = XCBuildConfiguration;
			buildSettings = {
				ASSETCATALOG_COMPILER_APPICON_NAME = AppIcon;
				ASSETCATALOG_COMPILER_LAUNCHIMAGE_NAME = LaunchImage;
				GCC_PRECOMPILE_PREFIX_HEADER = YES;
				GCC_PREFIX_HEADER = "BeginnerTutorial/BeginnerTutorial-Prefix.pch";
				INFOPLIST_FILE = "BeginnerTutorial/BeginnerTutorial-Info.plist";
				IPHONEOS_DEPLOYMENT_TARGET = 6.0;
				PRODUCT_NAME = "$(TARGET_NAME)";
				WRAPPER_EXTENSION = app;
			};
			name = Release;
		};
		29B713BC18BD4C7300B5BD86 /* Debug */ = {
			isa = XCBuildConfiguration;
			buildSettings = {
				ARCHS = "$(ARCHS_STANDARD_INCLUDING_64_BIT)";
				BUNDLE_LOADER = "$(BUILT_PRODUCTS_DIR)/BeginnerTutorial.app/BeginnerTutorial";
				FRAMEWORK_SEARCH_PATHS = (
					"$(SDKROOT)/Developer/Library/Frameworks",
					"$(inherited)",
					"$(DEVELOPER_FRAMEWORKS_DIR)",
				);
				GCC_PRECOMPILE_PREFIX_HEADER = YES;
				GCC_PREFIX_HEADER = "BeginnerTutorial/BeginnerTutorial-Prefix.pch";
				GCC_PREPROCESSOR_DEFINITIONS = (
					"DEBUG=1",
					"$(inherited)",
				);
				INFOPLIST_FILE = "BeginnerTutorialTests/BeginnerTutorialTests-Info.plist";
				PRODUCT_NAME = "$(TARGET_NAME)";
				TEST_HOST = "$(BUNDLE_LOADER)";
				WRAPPER_EXTENSION = xctest;
			};
			name = Debug;
		};
		29B713BD18BD4C7300B5BD86 /* Release */ = {
			isa = XCBuildConfiguration;
			buildSettings = {
				ARCHS = "$(ARCHS_STANDARD_INCLUDING_64_BIT)";
				BUNDLE_LOADER = "$(BUILT_PRODUCTS_DIR)/BeginnerTutorial.app/BeginnerTutorial";
				FRAMEWORK_SEARCH_PATHS = (
					"$(SDKROOT)/Developer/Library/Frameworks",
					"$(inherited)",
					"$(DEVELOPER_FRAMEWORKS_DIR)",
				);
				GCC_PRECOMPILE_PREFIX_HEADER = YES;
				GCC_PREFIX_HEADER = "BeginnerTutorial/BeginnerTutorial-Prefix.pch";
				INFOPLIST_FILE = "BeginnerTutorialTests/BeginnerTutorialTests-Info.plist";
				PRODUCT_NAME = "$(TARGET_NAME)";
				TEST_HOST = "$(BUNDLE_LOADER)";
				WRAPPER_EXTENSION = xctest;
			};
			name = Release;
		};
/* End XCBuildConfiguration section */

/* Begin XCConfigurationList section */
		29B7138118BD4C7300B5BD86 /* Build configuration list for PBXProject "BeginnerTutorial" */ = {
			isa = XCConfigurationList;
			buildConfigurations = (
				29B713B618BD4C7300B5BD86 /* Debug */,
				29B713B718BD4C7300B5BD86 /* Release */,
			);
			defaultConfigurationIsVisible = 0;
			defaultConfigurationName = Release;
		};
		29B713B818BD4C7300B5BD86 /* Build configuration list for PBXNativeTarget "BeginnerTutorial" */ = {
			isa = XCConfigurationList;
			buildConfigurations = (
				29B713B918BD4C7300B5BD86 /* Debug */,
				29B713BA18BD4C7300B5BD86 /* Release */,
			);
			defaultConfigurationIsVisible = 0;
		};
		29B713BB18BD4C7300B5BD86 /* Build configuration list for PBXNativeTarget "BeginnerTutorialTests" */ = {
			isa = XCConfigurationList;
			buildConfigurations = (
				29B713BC18BD4C7300B5BD86 /* Debug */,
				29B713BD18BD4C7300B5BD86 /* Release */,
			);
			defaultConfigurationIsVisible = 0;
		};
/* End XCConfigurationList section */
	};
	rootObject = 29B7137E18BD4C7300B5BD86 /* Project object */;
}
